{
  "name": "opencode-analysis",
  "version": "1.0.0",
  "lockfileVersion": 3,
  "requires": true,
  "packages": {
    "": {
      "name": "opencode-analysis",
      "version": "1.0.0",
      "license": "ISC",
      "dependencies": {
        "opencode-ai": "^1.0.208"
      }
    },
    "node_modules/opencode-ai": {
      "version": "1.0.208",
      "resolved": "https://registry.npmjs.org/opencode-ai/-/opencode-ai-1.0.208.tgz",
      "integrity": "sha512-T0vqf70nD3Ix06UJSNnRQtXUxn10m5A1okOIR+eXH1dw6IHoQ5ziukBqP3JaGmJbxGx3y3BW1DkyF1qHCsJKsg==",
      "hasInstallScript": true,
      "bin": {
        "opencode": "bin/opencode"
      },
      "optionalDependencies": {
        "opencode-darwin-arm64": "1.0.208",
        "opencode-darwin-x64": "1.0.208",
        "opencode-darwin-x64-baseline": "1.0.208",
        "opencode-linux-arm64": "1.0.208",
        "opencode-linux-arm64-musl": "1.0.208",
        "opencode-linux-x64": "1.0.208",
        "opencode-linux-x64-baseline": "1.0.208",
        "opencode-linux-x64-baseline-musl": "1.0.208",
        "opencode-linux-x64-musl": "1.0.208",
        "opencode-windows-x64": "1.0.208",
        "opencode-windows-x64-baseline": "1.0.208"
      }
    },
    "node_modules/opencode-darwin-arm64": {
      "version": "1.0.208",
      "resolved": "https://registry.npmjs.org/opencode-darwin-arm64/-/opencode-darwin-arm64-1.0.208.tgz",
      "integrity": "sha512-iBOLXYp+TwFN5ydYBpCcm49eI9a0TG5E0LQE1u8j23qLsqQ959InOvywYoSxf5L178MurzGZpk0cSjEPtuyuwA==",
      "cpu": [
        "arm64"
      ],
      "optional": true,
      "os": [
        "darwin"
      ]
    },
    "node_modules/opencode-darwin-x64": {
      "version": "1.0.208",
      "resolved": "https://registry.npmjs.org/opencode-darwin-x64/-/opencode-darwin-x64-1.0.208.tgz",
      "integrity": "sha512-rGthsWo/G7b/BkqmOGlaJKzMeXdQCM9P+iGUuw7b0bs+VYohbaX2Ut6j22IXnpkF1LVINOoEBHfgE4P+ZCJKig==",
      "cpu": [
        "x64"
      ],
      "optional": true,
      "os": [
        "darwin"
      ]
    },
    "node_modules/opencode-darwin-x64-baseline": {
      "version": "1.0.208",
      "resolved": "https://registry.npmjs.org/opencode-darwin-x64-baseline/-/opencode-darwin-x64-baseline-1.0.208.tgz",
      "integrity": "sha512-Rjms2xGo5ao9agit3qG8qCZub74V8jE90w+OIYhVxcFkllC6Y9JH2/uJAE/9gT/YfPIRs4b9xJZ/w2/S3tnezA==",
      "cpu": [
        "x64"
      ],
      "optional": true,
      "os": [
        "darwin"
      ]
    },
    "node_modules/opencode-linux-arm64": {
      "version": "1.0.208",
      "resolved": "https://registry.npmjs.org/opencode-linux-arm64/-/opencode-linux-arm64-1.0.208.tgz",
      "integrity": "sha512-xPZuC4ePwYoJgqQMjP4wLZgG6cuL40/KJLfhh5oz2XIxS/8nEvgprZVTOlce+FJp16UUd2DNsjHCfDvWX0C2aw==",
      "cpu": [
        "arm64"
      ],
      "optional": true,
      "os": [
        "linux"
      ]
    },
    "node_modules/opencode-linux-arm64-musl": {
      "version": "1.0.208",
      "resolved": "https://registry.npmjs.org/opencode-linux-arm64-musl/-/opencode-linux-arm64-musl-1.0.208.tgz",
      "integrity": "sha512-qKzAYXME+FoxEM8Ervjb1TDINAfZIPpNEFAU6C0ergItDPLM50cyI4DUB16jmbvF6tGvl0xATyJWiaAu9zRX+A==",
      "cpu": [
        "arm64"
      ],
      "optional": true,
      "os": [
        "linux"
      ]
    },
    "node_modules/opencode-linux-x64": {
      "version": "1.0.208",
      "resolved": "https://registry.npmjs.org/opencode-linux-x64/-/opencode-linux-x64-1.0.208.tgz",
      "integrity": "sha512-qP3oUUyhHmmrRJ99gVRJZguhcZTQckALFDsCOMoz+shCpzvdytZ1R+n78YsV/58E+YLuReyiZfE5sul2/LfwnQ==",
      "cpu": [
        "x64"
      ],
      "optional": true,
      "os": [
        "linux"
      ]
    },
    "node_modules/opencode-linux-x64-baseline": {
      "version": "1.0.208",
      "resolved": "https://registry.npmjs.org/opencode-linux-x64-baseline/-/opencode-linux-x64-baseline-1.0.208.tgz",
      "integrity": "sha512-Z661EvrSA6uHsNQpLn102uxmbMYVf1DVd0Lm74zlX3vFMbB/ZlNGWwQI0Z1oqqR4Uu1L06qnAaY0w6TU3QRsiw==",
      "cpu": [
        "x64"
      ],
      "optional": true,
      "os": [
        "linux"
      ]
    },
    "node_modules/opencode-linux-x64-baseline-musl": {
      "version": "1.0.208",
      "resolved": "https://registry.npmjs.org/opencode-linux-x64-baseline-musl/-/opencode-linux-x64-baseline-musl-1.0.208.tgz",
      "integrity": "sha512-YcVth5sB1IHj9K0NrYqZGRRe/ihMQJn3Qebagm21UqD7OlwHRCdIMZ9Y1JgSyBPZnW8+07FN1DPRmRNquzwRKA==",
      "cpu": [
        "x64"
      ],
      "optional": true,
      "os": [
        "linux"
      ]
    },
    "node_modules/opencode-linux-x64-musl": {
      "version": "1.0.208",
      "resolved": "https://registry.npmjs.org/opencode-linux-x64-musl/-/opencode-linux-x64-musl-1.0.208.tgz",
      "integrity": "sha512-E/EBmdPMde5B1YrwAqlP9RChWBZI1isFTicY77rIrYl/OUWMU5C/qetNFCccfGKjSf2g1AWvxUZmsj8Df9+Fzw==",
      "cpu": [
        "x64"
      ],
      "optional": true,
      "os": [
        "linux"
      ]
    },
    "node_modules/opencode-windows-x64": {
      "version": "1.0.208",
      "resolved": "https://registry.npmjs.org/opencode-windows-x64/-/opencode-windows-x64-1.0.208.tgz",
      "integrity": "sha512-mqzKUX403K5ySqmmtpyKd+Si8M7f8H+3aP7/oEUXEFp/M7mipfGfoYRvLa/JSTOcTDDxFFlUqXItnoa0f2/1lA==",
      "cpu": [
        "x64"
      ],
      "optional": true,
      "os": [
        "win32"
      ]
    },
    "node_modules/opencode-windows-x64-baseline": {
      "version": "1.0.208",
      "resolved": "https://registry.npmjs.org/opencode-windows-x64-baseline/-/opencode-windows-x64-baseline-1.0.208.tgz",
      "integrity": "sha512-c2Ibf7Rts1pgzy0PQkUY0X6MXEhxtnVd+usy++e8LmcMI3AjdLBWfP7y2IP2OCaxdiSpUPg933QOVLvi5XQ+Fw==",
      "cpu": [
        "x64"
      ],
      "optional": true,
      "os": [
        "win32"
      ]
    }
  }
}
